
Microsoft Visual Studio Solution File, Format Version 12.00
# Visual Studio Version 17
VisualStudioVersion = 17.2.32526.322
MinimumVisualStudioVersion = 10.0.40219.1
Project("{9A19103F-16F7-4668-BE54-9A1E7A4F7556}") = "Web", "SmartHome\Web.csproj", "{7B466154-9337-4B2A-956C-34F05DC9E50E}"
EndProject
Project("{2150E333-8FDC-42A3-9474-1A3956D46DE8}") = "Core", "Core", "{A96042AC-2C56-48F9-9643-96CA7DDF9539}"
EndProject
Project("{2150E333-8FDC-42A3-9474-1A3956D46DE8}") = "Infrastructure", "Infrastructure", "{AE85DA41-4BAB-47F4-9700-F46B56D0D28B}"
EndProject
Project("{FAE04EC0-301F-11D3-BF4B-00C04F79EFBC}") = "Presentation", "Presentation\Presentation.csproj", "{00390B36-3AF2-4B00-AA68-47A7C99BCCBD}"
EndProject
Project("{FAE04EC0-301F-11D3-BF4B-00C04F79EFBC}") = "Services", "Services\Services.csproj", "{41EFBE47-A600-497C-B1B6-18E889BDFAE9}"
EndProject
Project("{FAE04EC0-301F-11D3-BF4B-00C04F79EFBC}") = "Services.Abstractions", "Services.Abstractions\Services.Abstractions.csproj", "{60278D32-D21F-42EA-99D4-3CD5C390D720}"
EndProject
Project("{FAE04EC0-301F-11D3-BF4B-00C04F79EFBC}") = "Contracts", "Contracts\Contracts.csproj", "{0FC37FE5-0FF6-4219-82E2-124FB8CC23FB}"
EndProject
Project("{FAE04EC0-301F-11D3-BF4B-00C04F79EFBC}") = "Domain", "Domain\Domain.csproj", "{B0CEE758-78E4-4D68-BCB2-4DA7BF9B1AE9}"
EndProject
Project("{FAE04EC0-301F-11D3-BF4B-00C04F79EFBC}") = "Persistence", "Persistence\Persistence.csproj", "{3C7632AD-BC45-48CE-B079-A4AAA4549983}"
EndProject
Global
	GlobalSection(SolutionConfigurationPlatforms) = preSolution
		Debug|Any CPU = Debug|Any CPU
		Release|Any CPU = Release|Any CPU
	EndGlobalSection
	GlobalSection(ProjectConfigurationPlatforms) = postSolution
		{7B466154-9337-4B2A-956C-34F05DC9E50E}.Debug|Any CPU.ActiveCfg = Debug|Any CPU
		{7B466154-9337-4B2A-956C-34F05DC9E50E}.Debug|Any CPU.Build.0 = Debug|Any CPU
		{7B466154-9337-4B2A-956C-34F05DC9E50E}.Release|Any CPU.ActiveCfg = Release|Any CPU
		{7B466154-9337-4B2A-956C-34F05DC9E50E}.Release|Any CPU.Build.0 = Release|Any CPU
		{00390B36-3AF2-4B00-AA68-47A7C99BCCBD}.Debug|Any CPU.ActiveCfg = Debug|Any CPU
		{00390B36-3AF2-4B00-AA68-47A7C99BCCBD}.Debug|Any CPU.Build.0 = Debug|Any CPU
		{00390B36-3AF2-4B00-AA68-47A7C99BCCBD}.Release|Any CPU.ActiveCfg = Release|Any CPU
		{00390B36-3AF2-4B00-AA68-47A7C99BCCBD}.Release|Any CPU.Build.0 = Release|Any CPU
		{41EFBE47-A600-497C-B1B6-18E889BDFAE9}.Debug|Any CPU.ActiveCfg = Debug|Any CPU
		{41EFBE47-A600-497C-B1B6-18E889BDFAE9}.Debug|Any CPU.Build.0 = Debug|Any CPU
		{41EFBE47-A600-497C-B1B6-18E889BDFAE9}.Release|Any CPU.ActiveCfg = Release|Any CPU
		{41EFBE47-A600-497C-B1B6-18E889BDFAE9}.Release|Any CPU.Build.0 = Release|Any CPU
		{60278D32-D21F-42EA-99D4-3CD5C390D720}.Debug|Any CPU.ActiveCfg = Debug|Any CPU
		{60278D32-D21F-42EA-99D4-3CD5C390D720}.Debug|Any CPU.Build.0 = Debug|Any CPU
		{60278D32-D21F-42EA-99D4-3CD5C390D720}.Release|Any CPU.ActiveCfg = Release|Any CPU
		{60278D32-D21F-42EA-99D4-3CD5C390D720}.Release|Any CPU.Build.0 = Release|Any CPU
		{0FC37FE5-0FF6-4219-82E2-124FB8CC23FB}.Debug|Any CPU.ActiveCfg = Debug|Any CPU
		{0FC37FE5-0FF6-4219-82E2-124FB8CC23FB}.Debug|Any CPU.Build.0 = Debug|Any CPU
		{0FC37FE5-0FF6-4219-82E2-124FB8CC23FB}.Release|Any CPU.ActiveCfg = Release|Any CPU
		{0FC37FE5-0FF6-4219-82E2-124FB8CC23FB}.Release|Any CPU.Build.0 = Release|Any CPU
		{B0CEE758-78E4-4D68-BCB2-4DA7BF9B1AE9}.Debug|Any CPU.ActiveCfg = Debug|Any CPU
		{B0CEE758-78E4-4D68-BCB2-4DA7BF9B1AE9}.Debug|Any CPU.Build.0 = Debug|Any CPU
		{B0CEE758-78E4-4D68-BCB2-4DA7BF9B1AE9}.Release|Any CPU.ActiveCfg = Release|Any CPU
		{B0CEE758-78E4-4D68-BCB2-4DA7BF9B1AE9}.Release|Any CPU.Build.0 = Release|Any CPU
		{3C7632AD-BC45-48CE-B079-A4AAA4549983}.Debug|Any CPU.ActiveCfg = Debug|Any CPU
		{3C7632AD-BC45-48CE-B079-A4AAA4549983}.Debug|Any CPU.Build.0 = Debug|Any CPU
		{3C7632AD-BC45-48CE-B079-A4AAA4549983}.Release|Any CPU.ActiveCfg = Release|Any CPU
		{3C7632AD-BC45-48CE-B079-A4AAA4549983}.Release|Any CPU.Build.0 = Release|Any CPU
	EndGlobalSection
	GlobalSection(SolutionProperties) = preSolution
		HideSolutionNode = FALSE
	EndGlobalSection
	GlobalSection(NestedProjects) = preSolution
		{00390B36-3AF2-4B00-AA68-47A7C99BCCBD} = {AE85DA41-4BAB-47F4-9700-F46B56D0D28B}
		{41EFBE47-A600-497C-B1B6-18E889BDFAE9} = {A96042AC-2C56-48F9-9643-96CA7DDF9539}
		{60278D32-D21F-42EA-99D4-3CD5C390D720} = {A96042AC-2C56-48F9-9643-96CA7DDF9539}
		{0FC37FE5-0FF6-4219-82E2-124FB8CC23FB} = {A96042AC-2C56-48F9-9643-96CA7DDF9539}
		{B0CEE758-78E4-4D68-BCB2-4DA7BF9B1AE9} = {A96042AC-2C56-48F9-9643-96CA7DDF9539}
		{3C7632AD-BC45-48CE-B079-A4AAA4549983} = {AE85DA41-4BAB-47F4-9700-F46B56D0D28B}
	EndGlobalSection
	GlobalSection(ExtensibilityGlobals) = postSolution
		SolutionGuid = {FF6B4C86-8E72-4604-901B-D05709D7BE84}
	EndGlobalSection
EndGlobal
