
Microsoft Visual Studio Solution File, Format Version 12.00
# Visual Studio Version 17
VisualStudioVersion = 17.2.32526.322
MinimumVisualStudioVersion = 10.0.40219.1
Project("{FAE04EC0-301F-11D3-BF4B-00C04F79EFBC}") = "SmartHome.API", "SmartHome\SmartHome.API.csproj", "{7B466154-9337-4B2A-956C-34F05DC9E50E}"
EndProject
Global
	GlobalSection(SolutionConfigurationPlatforms) = preSolution
		Debug|Any CPU = Debug|Any CPU
		Release|Any CPU = Release|Any CPU
	EndGlobalSection
	GlobalSection(ProjectConfigurationPlatforms) = postSolution
		{7B466154-9337-4B2A-956C-34F05DC9E50E}.Debug|Any CPU.ActiveCfg = Debug|Any CPU
		{7B466154-9337-4B2A-956C-34F05DC9E50E}.Debug|Any CPU.Build.0 = Debug|Any CPU
		{7B466154-9337-4B2A-956C-34F05DC9E50E}.Release|Any CPU.ActiveCfg = Release|Any CPU
		{7B466154-9337-4B2A-956C-34F05DC9E50E}.Release|Any CPU.Build.0 = Release|Any CPU
	EndGlobalSection
	GlobalSection(SolutionProperties) = preSolution
		HideSolutionNode = FALSE
	EndGlobalSection
	GlobalSection(ExtensibilityGlobals) = postSolution
		SolutionGuid = {FF6B4C86-8E72-4604-901B-D05709D7BE84}
	EndGlobalSection
EndGlobal
